{
  "name": "跃文助手",
  "lockfileVersion": 2,
  "requires": true,
  "packages": {
    "": {
      "dependencies": {
        "@dcloudio/uni-app": "^2.0.2-3080720230703001",
        "@dcloudio/uni-ui": "^1.4.28",
        "uview-plus": "^3.1.38"
      }
    },
    "node_modules/@dcloudio/types": {
      "version": "3.4.3",
      "resolved": "https://registry.npmjs.org/@dcloudio/types/-/types-3.4.3.tgz",
      "integrity": "sha512-WzQGX06z2+HU3HnOO+/DxX37jyUECSXCuI7GVjFXs10+ZExTbdouwQXZvH8hR7k/FjuXFjQKHV9fuvfexyXluw==",
      "peer": true
    },
    "node_modules/@dcloudio/uni-app": {
      "version": "2.0.2-3090620231104001",
      "resolved": "https://registry.npmjs.org/@dcloudio/uni-app/-/uni-app-2.0.2-3090620231104001.tgz",
      "integrity": "sha512-aXDAth0QE/dbO7h4HfPX54AkW8Hucz8OSZFWBiaEonkoe8Qw6B5UdTUWOGGjgA3nxvyZx1DQRXLEeIhXmfMrwQ==",
      "peerDependencies": {
        "@dcloudio/types": "^3.0.15",
        "@vue/composition-api": "^1.7.0"
      }
    },
    "node_modules/@dcloudio/uni-ui": {
      "version": "1.4.28",
      "resolved": "https://registry.npmjs.org/@dcloudio/uni-ui/-/uni-ui-1.4.28.tgz",
      "integrity": "sha512-e/lSbvR79KH9+d3D4ueNbvD6szigjO/5IyjBNmiTqaj0PTS324fBV3L6f3s1qpkYonM4rdOl000hVOcAg6Gh/A=="
    },
    "node_modules/@vue/composition-api": {
      "version": "1.7.2",
      "resolved": "https://registry.npmjs.org/@vue/composition-api/-/composition-api-1.7.2.tgz",
      "integrity": "sha512-M8jm9J/laYrYT02665HkZ5l2fWTK4dcVg3BsDHm/pfz+MjDYwX+9FUaZyGwEyXEDonQYRCo0H7aLgdklcIELjw==",
      "peer": true,
      "peerDependencies": {
        "vue": ">= 2.5 < 2.7"
      }
    },
    "node_modules/clipboard": {
      "version": "2.0.11",
      "resolved": "https://registry.npmjs.org/clipboard/-/clipboard-2.0.11.tgz",
      "integrity": "sha512-C+0bbOqkezLIsmWSvlsXS0Q0bmkugu7jcfMIACB+RDEntIzQIkdr148we28AfSloQLRdZlYL/QYyrq05j/3Faw==",
      "dependencies": {
        "good-listener": "^1.2.2",
        "select": "^1.1.2",
        "tiny-emitter": "^2.0.0"
      }
    },
    "node_modules/dayjs": {
      "version": "1.11.10",
      "resolved": "https://registry.npmjs.org/dayjs/-/dayjs-1.11.10.tgz",
      "integrity": "sha512-vjAczensTgRcqDERK0SR2XMwsF/tSvnvlv6VcF2GIhg6Sx4yOIt/irsr1RDJsKiIyBzJDpCoXiWWq28MqH2cnQ=="
    },
    "node_modules/delegate": {
      "version": "3.2.0",
      "resolved": "https://registry.npmjs.org/delegate/-/delegate-3.2.0.tgz",
      "integrity": "sha512-IofjkYBZaZivn0V8nnsMJGBr4jVLxHDheKSW88PyxS5QC4Vo9ZbZVvhzlSxY87fVq3STR6r+4cGepyHkcWOQSw=="
    },
    "node_modules/good-listener": {
      "version": "1.2.2",
      "resolved": "https://registry.npmjs.org/good-listener/-/good-listener-1.2.2.tgz",
      "integrity": "sha512-goW1b+d9q/HIwbVYZzZ6SsTr4IgE+WA44A0GmPIQstuOrgsFcT7VEJ48nmr9GaRtNu0XTKacFLGnBPAM6Afouw==",
      "dependencies": {
        "delegate": "^3.1.2"
      }
    },
    "node_modules/select": {
      "version": "1.1.2",
      "resolved": "https://registry.npmjs.org/select/-/select-1.1.2.tgz",
      "integrity": "sha512-OwpTSOfy6xSs1+pwcNrv0RBMOzI39Lp3qQKUTPVVPRjCdNa5JH/oPRiqsesIskK8TVgmRiHwO4KXlV2Li9dANA=="
    },
    "node_modules/tiny-emitter": {
      "version": "2.1.0",
      "resolved": "https://registry.npmjs.org/tiny-emitter/-/tiny-emitter-2.1.0.tgz",
      "integrity": "sha512-NB6Dk1A9xgQPMoGqC5CVXn123gWyte215ONT5Pp5a0yt4nlEoO1ZWeCwpncaekPHXO60i47ihFnZPiRPjRMq4Q=="
    },
    "node_modules/uview-plus": {
      "version": "3.1.38",
      "resolved": "https://registry.npmjs.org/uview-plus/-/uview-plus-3.1.38.tgz",
      "integrity": "sha512-sdEkDBdqhBuzJVDXR4ApzchtdZjaen2jK23h0Mp5VSLngWEPiOmWDwSBu66ZHbnM9n4xTzfip6t6cGRFhvIGRA==",
      "dependencies": {
        "clipboard": "^2.0.11",
        "dayjs": "^1.11.3"
      },
      "engines": {
        "HBuilderX": "^3.1.0"
      }
    },
    "node_modules/vue": {
      "version": "2.6.14",
      "resolved": "https://registry.npmjs.org/vue/-/vue-2.6.14.tgz",
      "integrity": "sha512-x2284lgYvjOMj3Za7kqzRcUSxBboHqtgRE2zlos1qWaOye5yUmHn42LB1250NJBLRwEcdrB0JRwyPTEPhfQjiQ==",
      "peer": true
    }
  },
  "dependencies": {
    "@dcloudio/types": {
      "version": "3.4.3",
      "resolved": "https://registry.npmjs.org/@dcloudio/types/-/types-3.4.3.tgz",
      "integrity": "sha512-WzQGX06z2+HU3HnOO+/DxX37jyUECSXCuI7GVjFXs10+ZExTbdouwQXZvH8hR7k/FjuXFjQKHV9fuvfexyXluw==",
      "peer": true
    },
    "@dcloudio/uni-app": {
      "version": "2.0.2-3090620231104001",
      "resolved": "https://registry.npmjs.org/@dcloudio/uni-app/-/uni-app-2.0.2-3090620231104001.tgz",
      "integrity": "sha512-aXDAth0QE/dbO7h4HfPX54AkW8Hucz8OSZFWBiaEonkoe8Qw6B5UdTUWOGGjgA3nxvyZx1DQRXLEeIhXmfMrwQ==",
      "requires": {}
    },
    "@dcloudio/uni-ui": {
      "version": "1.4.28",
      "resolved": "https://registry.npmjs.org/@dcloudio/uni-ui/-/uni-ui-1.4.28.tgz",
      "integrity": "sha512-e/lSbvR79KH9+d3D4ueNbvD6szigjO/5IyjBNmiTqaj0PTS324fBV3L6f3s1qpkYonM4rdOl000hVOcAg6Gh/A=="
    },
    "@vue/composition-api": {
      "version": "1.7.2",
      "resolved": "https://registry.npmjs.org/@vue/composition-api/-/composition-api-1.7.2.tgz",
      "integrity": "sha512-M8jm9J/laYrYT02665HkZ5l2fWTK4dcVg3BsDHm/pfz+MjDYwX+9FUaZyGwEyXEDonQYRCo0H7aLgdklcIELjw==",
      "peer": true,
      "requires": {}
    },
    "clipboard": {
      "version": "2.0.11",
      "resolved": "https://registry.npmjs.org/clipboard/-/clipboard-2.0.11.tgz",
      "integrity": "sha512-C+0bbOqkezLIsmWSvlsXS0Q0bmkugu7jcfMIACB+RDEntIzQIkdr148we28AfSloQLRdZlYL/QYyrq05j/3Faw==",
      "requires": {
        "good-listener": "^1.2.2",
        "select": "^1.1.2",
        "tiny-emitter": "^2.0.0"
      }
    },
    "dayjs": {
      "version": "1.11.10",
      "resolved": "https://registry.npmjs.org/dayjs/-/dayjs-1.11.10.tgz",
      "integrity": "sha512-vjAczensTgRcqDERK0SR2XMwsF/tSvnvlv6VcF2GIhg6Sx4yOIt/irsr1RDJsKiIyBzJDpCoXiWWq28MqH2cnQ=="
    },
    "delegate": {
      "version": "3.2.0",
      "resolved": "https://registry.npmjs.org/delegate/-/delegate-3.2.0.tgz",
      "integrity": "sha512-IofjkYBZaZivn0V8nnsMJGBr4jVLxHDheKSW88PyxS5QC4Vo9ZbZVvhzlSxY87fVq3STR6r+4cGepyHkcWOQSw=="
    },
    "good-listener": {
      "version": "1.2.2",
      "resolved": "https://registry.npmjs.org/good-listener/-/good-listener-1.2.2.tgz",
      "integrity": "sha512-goW1b+d9q/HIwbVYZzZ6SsTr4IgE+WA44A0GmPIQstuOrgsFcT7VEJ48nmr9GaRtNu0XTKacFLGnBPAM6Afouw==",
      "requires": {
        "delegate": "^3.1.2"
      }
    },
    "select": {
      "version": "1.1.2",
      "resolved": "https://registry.npmjs.org/select/-/select-1.1.2.tgz",
      "integrity": "sha512-OwpTSOfy6xSs1+pwcNrv0RBMOzI39Lp3qQKUTPVVPRjCdNa5JH/oPRiqsesIskK8TVgmRiHwO4KXlV2Li9dANA=="
    },
    "tiny-emitter": {
      "version": "2.1.0",
      "resolved": "https://registry.npmjs.org/tiny-emitter/-/tiny-emitter-2.1.0.tgz",
      "integrity": "sha512-NB6Dk1A9xgQPMoGqC5CVXn123gWyte215ONT5Pp5a0yt4nlEoO1ZWeCwpncaekPHXO60i47ihFnZPiRPjRMq4Q=="
    },
    "uview-plus": {
      "version": "3.1.38",
      "resolved": "https://registry.npmjs.org/uview-plus/-/uview-plus-3.1.38.tgz",
      "integrity": "sha512-sdEkDBdqhBuzJVDXR4ApzchtdZjaen2jK23h0Mp5VSLngWEPiOmWDwSBu66ZHbnM9n4xTzfip6t6cGRFhvIGRA==",
      "requires": {
        "clipboard": "^2.0.11",
        "dayjs": "^1.11.3"
      }
    },
    "vue": {
      "version": "2.6.14",
      "resolved": "https://registry.npmjs.org/vue/-/vue-2.6.14.tgz",
      "integrity": "sha512-x2284lgYvjOMj3Za7kqzRcUSxBboHqtgRE2zlos1qWaOye5yUmHn42LB1250NJBLRwEcdrB0JRwyPTEPhfQjiQ==",
      "peer": true
    }
  }
}
